// !$*UTF8*$!
{
	archiveVersion = 1;
	classes = {
	};
	objectVersion = 46;
	objects = {

/* Begin PBXBuildFile section */
		1C00DED31CBFF01300E063BA /* AppDelegate.swift in Sources */ = {isa = PBXBuildFile; fileRef = 1C00DED21CBFF01300E063BA /* AppDelegate.swift */; };
		1C00DED51CBFF01300E063BA /* ViewController.swift in Sources */ = {isa = PBXBuildFile; fileRef = 1C00DED41CBFF01300E063BA /* ViewController.swift */; };
		1C00DED81CBFF01300E063BA /* Main.storyboard in Resources */ = {isa = PBXBuildFile; fileRef = 1C00DED61CBFF01300E063BA /* Main.storyboard */; };
		1C00DEDB1CBFF01300E063BA /* WalkTheWorld.xcdatamodeld in Sources */ = {isa = PBXBuildFile; fileRef = 1C00DED91CBFF01300E063BA /* WalkTheWorld.xcdatamodeld */; };
		1C00DEDD1CBFF01300E063BA /* Assets.xcassets in Resources */ = {isa = PBXBuildFile; fileRef = 1C00DEDC1CBFF01300E063BA /* Assets.xcassets */; };
		1C00DEE01CBFF01300E063BA /* LaunchScreen.storyboard in Resources */ = {isa = PBXBuildFile; fileRef = 1C00DEDE1CBFF01300E063BA /* LaunchScreen.storyboard */; };
		1C00DEE81CBFF48B00E063BA /* HealthKit.framework in Frameworks */ = {isa = PBXBuildFile; fileRef = 1C00DEE71CBFF48B00E063BA /* HealthKit.framework */; };
/* End PBXBuildFile section */

/* Begin PBXFileReference section */
		1C00DECF1CBFF01300E063BA /* WalkTheWorld.app */ = {isa = PBXFileReference; explicitFileType = wrapper.application; includeInIndex = 0; path = WalkTheWorld.app; sourceTree = BUILT_PRODUCTS_DIR; };
		1C00DED21CBFF01300E063BA /* AppDelegate.swift */ = {isa = PBXFileReference; lastKnownFileType = sourcecode.swift; path = AppDelegate.swift; sourceTree = "<group>"; };
		1C00DED41CBFF01300E063BA /* ViewController.swift */ = {isa = PBXFileReference; lastKnownFileType = sourcecode.swift; path = ViewController.swift; sourceTree = "<group>"; };
		1C00DED71CBFF01300E063BA /* Base */ = {isa = PBXFileReference; lastKnownFileType = file.storyboard; name = Base; path = Base.lproj/Main.storyboard; sourceTree = "<group>"; };
		1C00DEDA1CBFF01300E063BA /* WalkTheWorld.xcdatamodel */ = {isa = PBXFileReference; lastKnownFileType = wrapper.xcdatamodel; path = WalkTheWorld.xcdatamodel; sourceTree = "<group>"; };
		1C00DEDC1CBFF01300E063BA /* Assets.xcassets */ = {isa = PBXFileReference; lastKnownFileType = folder.assetcatalog; path = Assets.xcassets; sourceTree = "<group>"; };
		1C00DEDF1CBFF01300E063BA /* Base */ = {isa = PBXFileReference; lastKnownFileType = file.storyboard; name = Base; path = Base.lproj/LaunchScreen.storyboard; sourceTree = "<group>"; };
		1C00DEE11CBFF01300E063BA /* Info.plist */ = {isa = PBXFileReference; lastKnownFileType = text.plist.xml; path = Info.plist; sourceTree = "<group>"; };
		1C00DEE71CBFF48B00E063BA /* HealthKit.framework */ = {isa = PBXFileReference; lastKnownFileType = wrapper.framework; name = HealthKit.framework; path = System/Library/Frameworks/HealthKit.framework; sourceTree = SDKROOT; };
		1C00DEE91CBFF48B00E063BA /* WalkTheWorld.entitlements */ = {isa = PBXFileReference; lastKnownFileType = text.xml; path = WalkTheWorld.entitlements; sourceTree = "<group>"; };
/* End PBXFileReference section */

/* Begin PBXFrameworksBuildPhase section */
		1C00DECC1CBFF01300E063BA /* Frameworks */ = {
			isa = PBXFrameworksBuildPhase;
			buildActionMask = 2147483647;
			files = (
				1C00DEE81CBFF48B00E063BA /* HealthKit.framework in Frameworks */,
			);
			runOnlyForDeploymentPostprocessing = 0;
		};
/* End PBXFrameworksBuildPhase section */

/* Begin PBXGroup section */
		1C00DEC61CBFF01300E063BA = {
			isa = PBXGroup;
			children = (
				1C00DEE71CBFF48B00E063BA /* HealthKit.framework */,
				1C00DED11CBFF01300E063BA /* WalkTheWorld */,
				1C00DED01CBFF01300E063BA /* Products */,
			);
			sourceTree = "<group>";
		};
		1C00DED01CBFF01300E063BA /* Products */ = {
			isa = PBXGroup;
			children = (
				1C00DECF1CBFF01300E063BA /* WalkTheWorld.app */,
			);
			name = Products;
			sourceTree = "<group>";
		};
		1C00DED11CBFF01300E063BA /* WalkTheWorld */ = {
			isa = PBXGroup;
			children = (
				1C00DED21CBFF01300E063BA /* AppDelegate.swift */,
				1C00DED41CBFF01300E063BA /* ViewController.swift */,
				1C00DED61CBFF01300E063BA /* Main.storyboard */,
				1C00DEDC1CBFF01300E063BA /* Assets.xcassets */,
				1C00DEDE1CBFF01300E063BA /* LaunchScreen.storyboard */,
				1C00DEE11CBFF01300E063BA /* Info.plist */,
				1C00DEE91CBFF48B00E063BA /* WalkTheWorld.entitlements */,
				1C00DED91CBFF01300E063BA /* WalkTheWorld.xcdatamodeld */,
			);
			path = WalkTheWorld;
			sourceTree = "<group>";
		};
/* End PBXGroup section */

/* Begin PBXNativeTarget section */
		1C00DECE1CBFF01300E063BA /* WalkTheWorld */ = {
			isa = PBXNativeTarget;
			buildConfigurationList = 1C00DEE41CBFF01300E063BA /* Build configuration list for PBXNativeTarget "WalkTheWorld" */;
			buildPhases = (
				1C00DECB1CBFF01300E063BA /* Sources */,
				1C00DECC1CBFF01300E063BA /* Frameworks */,
				1C00DECD1CBFF01300E063BA /* Resources */,
			);
			buildRules = (
			);
			dependencies = (
			);
			name = WalkTheWorld;
			productName = WalkTheWorld;
			productReference = 1C00DECF1CBFF01300E063BA /* WalkTheWorld.app */;
			productType = "com.apple.product-type.application";
		};
/* End PBXNativeTarget section */

/* Begin PBXProject section */
		1C00DEC71CBFF01300E063BA /* Project object */ = {
			isa = PBXProject;
			attributes = {
				LastSwiftUpdateCheck = 0720;
				LastUpgradeCheck = 0720;
				ORGANIZATIONNAME = JS;
				TargetAttributes = {
					1C00DECE1CBFF01300E063BA = {
						CreatedOnToolsVersion = 7.2.1;
						DevelopmentTeam = M78Q76V8DQ;
						SystemCapabilities = {
							com.apple.HealthKit = {
								enabled = 1;
							};
						};
					};
				};
			};
			buildConfigurationList = 1C00DECA1CBFF01300E063BA /* Build configuration list for PBXProject "WalkTheWorld" */;
			compatibilityVersion = "Xcode 3.2";
			developmentRegion = English;
			hasScannedForEncodings = 0;
			knownRegions = (
				en,
				Base,
			);
			mainGroup = 1C00DEC61CBFF01300E063BA;
			productRefGroup = 1C00DED01CBFF01300E063BA /* Products */;
			projectDirPath = "";
			projectRoot = "";
			targets = (
				1C00DECE1CBFF01300E063BA /* WalkTheWorld */,
			);
		};
/* End PBXProject section */

/* Begin PBXResourcesBuildPhase section */
		1C00DECD1CBFF01300E063BA /* Resources */ = {
			isa = PBXResourcesBuildPhase;
			buildActionMask = 2147483647;
			files = (
				1C00DEE01CBFF01300E063BA /* LaunchScreen.storyboard in Resources */,
				1C00DEDD1CBFF01300E063BA /* Assets.xcassets in Resources */,
				1C00DED81CBFF01300E063BA /* Main.storyboard in Resources */,
			);
			runOnlyForDeploymentPostprocessing = 0;
		};
/* End PBXResourcesBuildPhase section */

/* Begin PBXSourcesBuildPhase section */
		1C00DECB1CBFF01300E063BA /* Sources */ = {
			isa = PBXSourcesBuildPhase;
			buildActionMask = 2147483647;
			files = (
				1C00DED51CBFF01300E063BA /* ViewController.swift in Sources */,
				1C00DED31CBFF01300E063BA /* AppDelegate.swift in Sources */,
				1C00DEDB1CBFF01300E063BA /* WalkTheWorld.xcdatamodeld in Sources */,
			);
			runOnlyForDeploymentPostprocessing = 0;
		};
/* End PBXSourcesBuildPhase section */

/* Begin PBXVariantGroup section */
		1C00DED61CBFF01300E063BA /* Main.storyboard */ = {
			isa = PBXVariantGroup;
			children = (
				1C00DED71CBFF01300E063BA /* Base */,
			);
			name = Main.storyboard;
			sourceTree = "<group>";
		};
		1C00DEDE1CBFF01300E063BA /* LaunchScreen.storyboard */ = {
			isa = PBXVariantGroup;
			children = (
				1C00DEDF1CBFF01300E063BA /* Base */,
			);
			name = LaunchScreen.storyboard;
			sourceTree = "<group>";
		};
/* End PBXVariantGroup section */

/* Begin XCBuildConfiguration section */
		1C00DEE21CBFF01300E063BA /* Debug */ = {
			isa = XCBuildConfiguration;
			buildSettings = {
				ALWAYS_SEARCH_USER_PATHS = NO;
				CLANG_CXX_LANGUAGE_STANDARD = "gnu++0x";
				CLANG_CXX_LIBRARY = "libc++";
				CLANG_ENABLE_MODULES = YES;
				CLANG_ENABLE_OBJC_ARC = YES;
				CLANG_WARN_BOOL_CONVERSION = YES;
				CLANG_WARN_CONSTANT_CONVERSION = YES;
				CLANG_WARN_DIRECT_OBJC_ISA_USAGE = YES_ERROR;
				CLANG_WARN_EMPTY_BODY = YES;
				CLANG_WARN_ENUM_CONVERSION = YES;
				CLANG_WARN_INT_CONVERSION = YES;
				CLANG_WARN_OBJC_ROOT_CLASS = YES_ERROR;
				CLANG_WARN_UNREACHABLE_CODE = YES;
				CLANG_WARN__DUPLICATE_METHOD_MATCH = YES;
				"CODE_SIGN_IDENTITY[sdk=iphoneos*]" = "iPhone Developer";
				COPY_PHASE_STRIP = NO;
				DEBUG_INFORMATION_FORMAT = dwarf;
				ENABLE_STRICT_OBJC_MSGSEND = YES;
				ENABLE_TESTABILITY = YES;
				GCC_C_LANGUAGE_STANDARD = gnu99;
				GCC_DYNAMIC_NO_PIC = NO;
				GCC_NO_COMMON_BLOCKS = YES;
				GCC_OPTIMIZATION_LEVEL = 0;
				GCC_PREPROCESSOR_DEFINITIONS = (
					"DEBUG=1",
					"$(inherited)",
				);
				GCC_WARN_64_TO_32_BIT_CONVERSION = YES;
				GCC_WARN_ABOUT_RETURN_TYPE = YES_ERROR;
				GCC_WARN_UNDECLARED_SELECTOR = YES;
				GCC_WARN_UNINITIALIZED_AUTOS = YES_AGGRESSIVE;
				GCC_WARN_UNUSED_FUNCTION = YES;
				GCC_WARN_UNUSED_VARIABLE = YES;
				IPHONEOS_DEPLOYMENT_TARGET = 9.2;
				MTL_ENABLE_DEBUG_INFO = YES;
				ONLY_ACTIVE_ARCH = YES;
				SDKROOT = iphoneos;
				SWIFT_OPTIMIZATION_LEVEL = "-Onone";
			};
			name = Debug;
		};
		1C00DEE31CBFF01300E063BA /* Release */ = {
			isa = XCBuildConfiguration;
			buildSettings = {
				ALWAYS_SEARCH_USER_PATHS = NO;
				CLANG_CXX_LANGUAGE_STANDARD = "gnu++0x";
				CLANG_CXX_LIBRARY = "libc++";
				CLANG_ENABLE_MODULES = YES;
				CLANG_ENABLE_OBJC_ARC = YES;
				CLANG_WARN_BOOL_CONVERSION = YES;
				CLANG_WARN_CONSTANT_CONVERSION = YES;
				CLANG_WARN_DIRECT_OBJC_ISA_USAGE = YES_ERROR;
				CLANG_WARN_EMPTY_BODY = YES;
				CLANG_WARN_ENUM_CONVERSION = YES;
				CLANG_WARN_INT_CONVERSION = YES;
				CLANG_WARN_OBJC_ROOT_CLASS = YES_ERROR;
				CLANG_WARN_UNREACHABLE_CODE = YES;
				CLANG_WARN__DUPLICATE_METHOD_MATCH = YES;
				"CODE_SIGN_IDENTITY[sdk=iphoneos*]" = "iPhone Developer";
				COPY_PHASE_STRIP = NO;
				DEBUG_INFORMATION_FORMAT = "dwarf-with-dsym";
				ENABLE_NS_ASSERTIONS = NO;
				ENABLE_STRICT_OBJC_MSGSEND = YES;
				GCC_C_LANGUAGE_STANDARD = gnu99;
				GCC_NO_COMMON_BLOCKS = YES;
				GCC_WARN_64_TO_32_BIT_CONVERSION = YES;
				GCC_WARN_ABOUT_RETURN_TYPE = YES_ERROR;
				GCC_WARN_UNDECLARED_SELECTOR = YES;
				GCC_WARN_UNINITIALIZED_AUTOS = YES_AGGRESSIVE;
				GCC_WARN_UNUSED_FUNCTION = YES;
				GCC_WARN_UNUSED_VARIABLE = YES;
				IPHONEOS_DEPLOYMENT_TARGET = 9.2;
				MTL_ENABLE_DEBUG_INFO = NO;
				SDKROOT = iphoneos;
				VALIDATE_PRODUCT = YES;
			};
			name = Release;
		};
		1C00DEE51CBFF01300E063BA /* Debug */ = {
			isa = XCBuildConfiguration;
			buildSettings = {
				ASSETCATALOG_COMPILER_APPICON_NAME = AppIcon;
				CODE_SIGN_ENTITLEMENTS = WalkTheWorld/WalkTheWorld.entitlements;
				CODE_SIGN_IDENTITY = "iPhone Developer";
				"CODE_SIGN_IDENTITY[sdk=iphoneos*]" = "iPhone Developer";
				INFOPLIST_FILE = WalkTheWorld/Info.plist;
				LD_RUNPATH_SEARCH_PATHS = "$(inherited) @executable_path/Frameworks";
				PRODUCT_BUNDLE_IDENTIFIER = JS.WalkTheWorld;
				PRODUCT_NAME = "$(TARGET_NAME)";
				PROVISIONING_PROFILE = "";
			};
			name = Debug;
		};
		1C00DEE61CBFF01300E063BA /* Release */ = {
			isa = XCBuildConfiguration;
			buildSettings = {
				ASSETCATALOG_COMPILER_APPICON_NAME = AppIcon;
				CODE_SIGN_ENTITLEMENTS = WalkTheWorld/WalkTheWorld.entitlements;
				CODE_SIGN_IDENTITY = "iPhone Developer";
				"CODE_SIGN_IDENTITY[sdk=iphoneos*]" = "iPhone Developer";
				INFOPLIST_FILE = WalkTheWorld/Info.plist;
				LD_RUNPATH_SEARCH_PATHS = "$(inherited) @executable_path/Frameworks";
				PRODUCT_BUNDLE_IDENTIFIER = JS.WalkTheWorld;
				PRODUCT_NAME = "$(TARGET_NAME)";
				PROVISIONING_PROFILE = "";
			};
			name = Release;
		};
/* End XCBuildConfiguration section */

/* Begin XCConfigurationList section */
		1C00DECA1CBFF01300E063BA /* Build configuration list for PBXProject "WalkTheWorld" */ = {
			isa = XCConfigurationList;
			buildConfigurations = (
				1C00DEE21CBFF01300E063BA /* Debug */,
				1C00DEE31CBFF01300E063BA /* Release */,
			);
			defaultConfigurationIsVisible = 0;
			defaultConfigurationName = Release;
		};
		1C00DEE41CBFF01300E063BA /* Build configuration list for PBXNativeTarget "WalkTheWorld" */ = {
			isa = XCConfigurationList;
			buildConfigurations = (
				1C00DEE51CBFF01300E063BA /* Debug */,
				1C00DEE61CBFF01300E063BA /* Release */,
			);
			defaultConfigurationIsVisible = 0;
		};
/* End XCConfigurationList section */

/* Begin XCVersionGroup section */
		1C00DED91CBFF01300E063BA /* WalkTheWorld.xcdatamodeld */ = {
			isa = XCVersionGroup;
			children = (
				1C00DEDA1CBFF01300E063BA /* WalkTheWorld.xcdatamodel */,
			);
			currentVersion = 1C00DEDA1CBFF01300E063BA /* WalkTheWorld.xcdatamodel */;
			path = WalkTheWorld.xcdatamodeld;
			sourceTree = "<group>";
			versionGroupType = wrapper.xcdatamodel;
		};
/* End XCVersionGroup section */
	};
	rootObject = 1C00DEC71CBFF01300E063BA /* Project object */;
}
